
Microsoft Visual Studio Solution File, Format Version 12.00
# Visual Studio Version 17
VisualStudioVersion = 17.1.32407.343
MinimumVisualStudioVersion = 10.0.40219.1
Project("{FAE04EC0-301F-11D3-BF4B-00C04F79EFBC}") = "Welcome4", "Welcome4\Welcome4.csproj", "{B59E9776-ED22-4CB2-A5EA-07CB349722B8}"
EndProject
Global
	GlobalSection(SolutionConfigurationPlatforms) = preSolution
		Debug|Any CPU = Debug|Any CPU
		Release|Any CPU = Release|Any CPU
	EndGlobalSection
	GlobalSection(ProjectConfigurationPlatforms) = postSolution
		{B59E9776-ED22-4CB2-A5EA-07CB349722B8}.Debug|Any CPU.ActiveCfg = Debug|Any CPU
		{B59E9776-ED22-4CB2-A5EA-07CB349722B8}.Debug|Any CPU.Build.0 = Debug|Any CPU
		{B59E9776-ED22-4CB2-A5EA-07CB349722B8}.Release|Any CPU.ActiveCfg = Release|Any CPU
		{B59E9776-ED22-4CB2-A5EA-07CB349722B8}.Release|Any CPU.Build.0 = Release|Any CPU
	EndGlobalSection
	GlobalSection(SolutionProperties) = preSolution
		HideSolutionNode = FALSE
	EndGlobalSection
	GlobalSection(ExtensibilityGlobals) = postSolution
		SolutionGuid = {C517803E-A5DB-4628-812C-F053DA701A03}
	EndGlobalSection
EndGlobal
