
Microsoft Visual Studio Solution File, Format Version 12.00
# Visual Studio Version 17
VisualStudioVersion = 17.1.32407.343
MinimumVisualStudioVersion = 10.0.40219.1
Project("{FAE04EC0-301F-11D3-BF4B-00C04F79EFBC}") = "Addition", "Addition\Addition.csproj", "{CA9F8B98-E260-4D4D-AA21-3A7B3F6F7145}"
EndProject
Global
	GlobalSection(SolutionConfigurationPlatforms) = preSolution
		Debug|Any CPU = Debug|Any CPU
		Release|Any CPU = Release|Any CPU
	EndGlobalSection
	GlobalSection(ProjectConfigurationPlatforms) = postSolution
		{CA9F8B98-E260-4D4D-AA21-3A7B3F6F7145}.Debug|Any CPU.ActiveCfg = Debug|Any CPU
		{CA9F8B98-E260-4D4D-AA21-3A7B3F6F7145}.Debug|Any CPU.Build.0 = Debug|Any CPU
		{CA9F8B98-E260-4D4D-AA21-3A7B3F6F7145}.Release|Any CPU.ActiveCfg = Release|Any CPU
		{CA9F8B98-E260-4D4D-AA21-3A7B3F6F7145}.Release|Any CPU.Build.0 = Release|Any CPU
	EndGlobalSection
	GlobalSection(SolutionProperties) = preSolution
		HideSolutionNode = FALSE
	EndGlobalSection
	GlobalSection(ExtensibilityGlobals) = postSolution
		SolutionGuid = {15E6E4D5-61B1-480A-B24E-3E31AA55A552}
	EndGlobalSection
EndGlobal
